
Microsoft Visual Studio Solution File, Format Version 12.00
Project("{FAE04EC0-301F-11D3-BF4B-00C04F79EFBC}") = "Timely", "Timely\Timely.csproj", "{C9627459-A475-48A7-B84C-615058465330}"
EndProject
Global
	GlobalSection(SolutionConfigurationPlatforms) = preSolution
		Debug|Any CPU = Debug|Any CPU
		Release|Any CPU = Release|Any CPU
	EndGlobalSection
	GlobalSection(ProjectConfigurationPlatforms) = postSolution
		{C9627459-A475-48A7-B84C-615058465330}.Debug|Any CPU.ActiveCfg = Debug|Any CPU
		{C9627459-A475-48A7-B84C-615058465330}.Debug|Any CPU.Build.0 = Debug|Any CPU
		{C9627459-A475-48A7-B84C-615058465330}.Release|Any CPU.ActiveCfg = Release|Any CPU
		{C9627459-A475-48A7-B84C-615058465330}.Release|Any CPU.Build.0 = Release|Any CPU
	EndGlobalSection
EndGlobal
